
Microsoft Visual Studio Solution File, Format Version 12.00
# Visual Studio Version 17
VisualStudioVersion = 17.10.35122.118
MinimumVisualStudioVersion = 10.0.40219.1
Project("{FAE04EC0-301F-11D3-BF4B-00C04F79EFBC}") = "Onlineshopnew", "Onlineshopnew\Onlineshopnew.csproj", "{E08A9FF4-48B3-4A80-A3E1-7F4C080D265F}"
EndProject
Global
	GlobalSection(SolutionConfigurationPlatforms) = preSolution
		Debug|Any CPU = Debug|Any CPU
		Release|Any CPU = Release|Any CPU
	EndGlobalSection
	GlobalSection(ProjectConfigurationPlatforms) = postSolution
		{E08A9FF4-48B3-4A80-A3E1-7F4C080D265F}.Debug|Any CPU.ActiveCfg = Debug|Any CPU
		{E08A9FF4-48B3-4A80-A3E1-7F4C080D265F}.Debug|Any CPU.Build.0 = Debug|Any CPU
		{E08A9FF4-48B3-4A80-A3E1-7F4C080D265F}.Release|Any CPU.ActiveCfg = Release|Any CPU
		{E08A9FF4-48B3-4A80-A3E1-7F4C080D265F}.Release|Any CPU.Build.0 = Release|Any CPU
	EndGlobalSection
	GlobalSection(SolutionProperties) = preSolution
		HideSolutionNode = FALSE
	EndGlobalSection
	GlobalSection(ExtensibilityGlobals) = postSolution
		SolutionGuid = {3F5A357E-DDDF-44D5-8307-F9AC410557F3}
	EndGlobalSection
EndGlobal
